
Microsoft Visual Studio Solution File, Format Version 12.00
# Visual Studio Version 17
VisualStudioVersion = 17.11.35312.102
MinimumVisualStudioVersion = 10.0.40219.1
Project("{FAE04EC0-301F-11D3-BF4B-00C04F79EFBC}") = "Walks.API", "WalksAPI\Walks.API.csproj", "{DA44485D-BD07-4EA6-B387-BAC0F5337203}"
EndProject
Global
	GlobalSection(SolutionConfigurationPlatforms) = preSolution
		Debug|Any CPU = Debug|Any CPU
		Release|Any CPU = Release|Any CPU
	EndGlobalSection
	GlobalSection(ProjectConfigurationPlatforms) = postSolution
		{DA44485D-BD07-4EA6-B387-BAC0F5337203}.Debug|Any CPU.ActiveCfg = Debug|Any CPU
		{DA44485D-BD07-4EA6-B387-BAC0F5337203}.Debug|Any CPU.Build.0 = Debug|Any CPU
		{DA44485D-BD07-4EA6-B387-BAC0F5337203}.Release|Any CPU.ActiveCfg = Release|Any CPU
		{DA44485D-BD07-4EA6-B387-BAC0F5337203}.Release|Any CPU.Build.0 = Release|Any CPU
	EndGlobalSection
	GlobalSection(SolutionProperties) = preSolution
		HideSolutionNode = FALSE
	EndGlobalSection
	GlobalSection(ExtensibilityGlobals) = postSolution
		SolutionGuid = {77762F59-5150-4565-8682-842480BC2526}
	EndGlobalSection
EndGlobal
